
Microsoft Visual Studio Solution File, Format Version 12.00
# Visual Studio 15
VisualStudioVersion = 15.0.26730.16
MinimumVisualStudioVersion = 10.0.40219.1
Project("{8BC9CEB8-8B4A-11D0-8D11-00A0C91BC942}") = "demo", "demo.vcxproj", "{0DA1AA00-DBF1-4846-A3F3-E26B0713E60C}"
EndProject
Global
	GlobalSection(SolutionConfigurationPlatforms) = preSolution
		Debug|x64 = Debug|x64
		Debug|x86 = Debug|x86
		Release|x64 = Release|x64
		Release|x86 = Release|x86
	EndGlobalSection
	GlobalSection(ProjectConfigurationPlatforms) = postSolution
		{0DA1AA00-DBF1-4846-A3F3-E26B0713E60C}.Debug|x64.ActiveCfg = Debug|x64
		{0DA1AA00-DBF1-4846-A3F3-E26B0713E60C}.Debug|x64.Build.0 = Debug|x64
		{0DA1AA00-DBF1-4846-A3F3-E26B0713E60C}.Debug|x86.ActiveCfg = Debug|Win32
		{0DA1AA00-DBF1-4846-A3F3-E26B0713E60C}.Debug|x86.Build.0 = Debug|Win32
		{0DA1AA00-DBF1-4846-A3F3-E26B0713E60C}.Release|x64.ActiveCfg = Release|x64
		{0DA1AA00-DBF1-4846-A3F3-E26B0713E60C}.Release|x64.Build.0 = Release|x64
		{0DA1AA00-DBF1-4846-A3F3-E26B0713E60C}.Release|x86.ActiveCfg = Release|Win32
		{0DA1AA00-DBF1-4846-A3F3-E26B0713E60C}.Release|x86.Build.0 = Release|Win32
	EndGlobalSection
	GlobalSection(SolutionProperties) = preSolution
		HideSolutionNode = FALSE
	EndGlobalSection
	GlobalSection(ExtensibilityGlobals) = postSolution
		SolutionGuid = {E537DBEA-5EB0-4D98-A397-D656C7F22193}
	EndGlobalSection
EndGlobal
