
Microsoft Visual Studio Solution File, Format Version 12.00
# Visual Studio 15
VisualStudioVersion = 15.0.26730.16
MinimumVisualStudioVersion = 10.0.40219.1
Project("{8BC9CEB8-8B4A-11D0-8D11-00A0C91BC942}") = "tinyani", "tinyani.vcxproj", "{84090219-96C6-48DE-A183-94980AF30328}"
EndProject
Global
	GlobalSection(SolutionConfigurationPlatforms) = preSolution
		Debug|x64 = Debug|x64
		Debug|x86 = Debug|x86
		Release|x64 = Release|x64
		Release|x86 = Release|x86
	EndGlobalSection
	GlobalSection(ProjectConfigurationPlatforms) = postSolution
		{84090219-96C6-48DE-A183-94980AF30328}.Debug|x64.ActiveCfg = Debug|x64
		{84090219-96C6-48DE-A183-94980AF30328}.Debug|x64.Build.0 = Debug|x64
		{84090219-96C6-48DE-A183-94980AF30328}.Debug|x86.ActiveCfg = Debug|Win32
		{84090219-96C6-48DE-A183-94980AF30328}.Debug|x86.Build.0 = Debug|Win32
		{84090219-96C6-48DE-A183-94980AF30328}.Release|x64.ActiveCfg = Release|x64
		{84090219-96C6-48DE-A183-94980AF30328}.Release|x64.Build.0 = Release|x64
		{84090219-96C6-48DE-A183-94980AF30328}.Release|x86.ActiveCfg = Release|Win32
		{84090219-96C6-48DE-A183-94980AF30328}.Release|x86.Build.0 = Release|Win32
	EndGlobalSection
	GlobalSection(SolutionProperties) = preSolution
		HideSolutionNode = FALSE
	EndGlobalSection
	GlobalSection(ExtensibilityGlobals) = postSolution
		SolutionGuid = {C95FFBA7-442A-4CFF-AB1E-B8225A1AE05E}
	EndGlobalSection
EndGlobal
