
Microsoft Visual Studio Solution File, Format Version 12.00
# Visual Studio 15
VisualStudioVersion = 15.0.26730.16
MinimumVisualStudioVersion = 10.0.40219.1
Project("{8BC9CEB8-8B4A-11D0-8D11-00A0C91BC942}") = "tinyfont", "tinyfont.vcxproj", "{A788A87F-C49C-4AA5-9181-352DD1E81CC7}"
EndProject
Global
	GlobalSection(SolutionConfigurationPlatforms) = preSolution
		Debug|x64 = Debug|x64
		Debug|x86 = Debug|x86
		Release|x64 = Release|x64
		Release|x86 = Release|x86
	EndGlobalSection
	GlobalSection(ProjectConfigurationPlatforms) = postSolution
		{A788A87F-C49C-4AA5-9181-352DD1E81CC7}.Debug|x64.ActiveCfg = Debug|x64
		{A788A87F-C49C-4AA5-9181-352DD1E81CC7}.Debug|x64.Build.0 = Debug|x64
		{A788A87F-C49C-4AA5-9181-352DD1E81CC7}.Debug|x86.ActiveCfg = Debug|Win32
		{A788A87F-C49C-4AA5-9181-352DD1E81CC7}.Debug|x86.Build.0 = Debug|Win32
		{A788A87F-C49C-4AA5-9181-352DD1E81CC7}.Release|x64.ActiveCfg = Release|x64
		{A788A87F-C49C-4AA5-9181-352DD1E81CC7}.Release|x64.Build.0 = Release|x64
		{A788A87F-C49C-4AA5-9181-352DD1E81CC7}.Release|x86.ActiveCfg = Release|Win32
		{A788A87F-C49C-4AA5-9181-352DD1E81CC7}.Release|x86.Build.0 = Release|Win32
	EndGlobalSection
	GlobalSection(SolutionProperties) = preSolution
		HideSolutionNode = FALSE
	EndGlobalSection
	GlobalSection(ExtensibilityGlobals) = postSolution
		SolutionGuid = {C6A2CC83-7380-4A35-AA90-6A3726943FC5}
	EndGlobalSection
EndGlobal
